// !$*UTF8*$!
{
	archiveVersion = 1;
	classes = {
	};
	objectVersion = 50;
	objects = {

/* Begin PBXBuildFile section */
		18FD38C722B2E6FF008A1D7B /* AppDelegate.swift in Sources */ = {isa = PBXBuildFile; fileRef = 18FD38C622B2E6FF008A1D7B /* AppDelegate.swift */; };
		18FD38C922B2E6FF008A1D7B /* ViewController.swift in Sources */ = {isa = PBXBuildFile; fileRef = 18FD38C822B2E6FF008A1D7B /* ViewController.swift */; };
		18FD38CC22B2E6FF008A1D7B /* Main.storyboard in Resources */ = {isa = PBXBuildFile; fileRef = 18FD38CA22B2E6FF008A1D7B /* Main.storyboard */; };
		18FD38CF22B2E6FF008A1D7B /* college_compass.xcdatamodeld in Sources */ = {isa = PBXBuildFile; fileRef = 18FD38CD22B2E6FF008A1D7B /* college_compass.xcdatamodeld */; };
		18FD38D122B2E701008A1D7B /* Assets.xcassets in Resources */ = {isa = PBXBuildFile; fileRef = 18FD38D022B2E701008A1D7B /* Assets.xcassets */; };
		18FD38D422B2E701008A1D7B /* LaunchScreen.storyboard in Resources */ = {isa = PBXBuildFile; fileRef = 18FD38D222B2E701008A1D7B /* LaunchScreen.storyboard */; };
		18FD38DC22B2E8FC008A1D7B /* TableViewController.swift in Sources */ = {isa = PBXBuildFile; fileRef = 18FD38DB22B2E8FC008A1D7B /* TableViewController.swift */; };
/* End PBXBuildFile section */

/* Begin PBXFileReference section */
		18FD38C322B2E6FF008A1D7B /* college compass.app */ = {isa = PBXFileReference; explicitFileType = wrapper.application; includeInIndex = 0; path = "college compass.app"; sourceTree = BUILT_PRODUCTS_DIR; };
		18FD38C622B2E6FF008A1D7B /* AppDelegate.swift */ = {isa = PBXFileReference; lastKnownFileType = sourcecode.swift; path = AppDelegate.swift; sourceTree = "<group>"; };
		18FD38C822B2E6FF008A1D7B /* ViewController.swift */ = {isa = PBXFileReference; lastKnownFileType = sourcecode.swift; path = ViewController.swift; sourceTree = "<group>"; };
		18FD38CB22B2E6FF008A1D7B /* Base */ = {isa = PBXFileReference; lastKnownFileType = file.storyboard; name = Base; path = Base.lproj/Main.storyboard; sourceTree = "<group>"; };
		18FD38CE22B2E6FF008A1D7B /* college_compass.xcdatamodel */ = {isa = PBXFileReference; lastKnownFileType = wrapper.xcdatamodel; path = college_compass.xcdatamodel; sourceTree = "<group>"; };
		18FD38D022B2E701008A1D7B /* Assets.xcassets */ = {isa = PBXFileReference; lastKnownFileType = folder.assetcatalog; path = Assets.xcassets; sourceTree = "<group>"; };
		18FD38D322B2E701008A1D7B /* Base */ = {isa = PBXFileReference; lastKnownFileType = file.storyboard; name = Base; path = Base.lproj/LaunchScreen.storyboard; sourceTree = "<group>"; };
		18FD38D522B2E701008A1D7B /* Info.plist */ = {isa = PBXFileReference; lastKnownFileType = text.plist.xml; path = Info.plist; sourceTree = "<group>"; };
		18FD38DB22B2E8FC008A1D7B /* TableViewController.swift */ = {isa = PBXFileReference; lastKnownFileType = sourcecode.swift; name = TableViewController.swift; path = ../../TableViewController.swift; sourceTree = "<group>"; };
/* End PBXFileReference section */

/* Begin PBXFrameworksBuildPhase section */
		18FD38C022B2E6FF008A1D7B /* Frameworks */ = {
			isa = PBXFrameworksBuildPhase;
			buildActionMask = 2147483647;
			files = (
			);
			runOnlyForDeploymentPostprocessing = 0;
		};
/* End PBXFrameworksBuildPhase section */

/* Begin PBXGroup section */
		18FD38BA22B2E6FF008A1D7B = {
			isa = PBXGroup;
			children = (
				18FD38C522B2E6FF008A1D7B /* college compass */,
				18FD38C422B2E6FF008A1D7B /* Products */,
			);
			sourceTree = "<group>";
		};
		18FD38C422B2E6FF008A1D7B /* Products */ = {
			isa = PBXGroup;
			children = (
				18FD38C322B2E6FF008A1D7B /* college compass.app */,
			);
			name = Products;
			sourceTree = "<group>";
		};
		18FD38C522B2E6FF008A1D7B /* college compass */ = {
			isa = PBXGroup;
			children = (
				18FD38C622B2E6FF008A1D7B /* AppDelegate.swift */,
				18FD38C822B2E6FF008A1D7B /* ViewController.swift */,
				18FD38DB22B2E8FC008A1D7B /* TableViewController.swift */,
				18FD38CA22B2E6FF008A1D7B /* Main.storyboard */,
				18FD38D022B2E701008A1D7B /* Assets.xcassets */,
				18FD38D222B2E701008A1D7B /* LaunchScreen.storyboard */,
				18FD38D522B2E701008A1D7B /* Info.plist */,
				18FD38CD22B2E6FF008A1D7B /* college_compass.xcdatamodeld */,
			);
			path = "college compass";
			sourceTree = "<group>";
		};
/* End PBXGroup section */

/* Begin PBXNativeTarget section */
		18FD38C222B2E6FF008A1D7B /* college compass */ = {
			isa = PBXNativeTarget;
			buildConfigurationList = 18FD38D822B2E701008A1D7B /* Build configuration list for PBXNativeTarget "college compass" */;
			buildPhases = (
				18FD38BF22B2E6FF008A1D7B /* Sources */,
				18FD38C022B2E6FF008A1D7B /* Frameworks */,
				18FD38C122B2E6FF008A1D7B /* Resources */,
			);
			buildRules = (
			);
			dependencies = (
			);
			name = "college compass";
			productName = "college compass";
			productReference = 18FD38C322B2E6FF008A1D7B /* college compass.app */;
			productType = "com.apple.product-type.application";
		};
/* End PBXNativeTarget section */

/* Begin PBXProject section */
		18FD38BB22B2E6FF008A1D7B /* Project object */ = {
			isa = PBXProject;
			attributes = {
				LastSwiftUpdateCheck = 1020;
				LastUpgradeCheck = 1020;
				ORGANIZATIONNAME = Apple;
				TargetAttributes = {
					18FD38C222B2E6FF008A1D7B = {
						CreatedOnToolsVersion = 10.2.1;
					};
				};
			};
			buildConfigurationList = 18FD38BE22B2E6FF008A1D7B /* Build configuration list for PBXProject "college compass" */;
			compatibilityVersion = "Xcode 9.3";
			developmentRegion = en;
			hasScannedForEncodings = 0;
			knownRegions = (
				en,
				Base,
			);
			mainGroup = 18FD38BA22B2E6FF008A1D7B;
			productRefGroup = 18FD38C422B2E6FF008A1D7B /* Products */;
			projectDirPath = "";
			projectRoot = "";
			targets = (
				18FD38C222B2E6FF008A1D7B /* college compass */,
			);
		};
/* End PBXProject section */

/* Begin PBXResourcesBuildPhase section */
		18FD38C122B2E6FF008A1D7B /* Resources */ = {
			isa = PBXResourcesBuildPhase;
			buildActionMask = 2147483647;
			files = (
				18FD38D422B2E701008A1D7B /* LaunchScreen.storyboard in Resources */,
				18FD38D122B2E701008A1D7B /* Assets.xcassets in Resources */,
				18FD38CC22B2E6FF008A1D7B /* Main.storyboard in Resources */,
			);
			runOnlyForDeploymentPostprocessing = 0;
		};
/* End PBXResourcesBuildPhase section */

/* Begin PBXSourcesBuildPhase section */
		18FD38BF22B2E6FF008A1D7B /* Sources */ = {
			isa = PBXSourcesBuildPhase;
			buildActionMask = 2147483647;
			files = (
				18FD38C922B2E6FF008A1D7B /* ViewController.swift in Sources */,
				18FD38CF22B2E6FF008A1D7B /* college_compass.xcdatamodeld in Sources */,
				18FD38C722B2E6FF008A1D7B /* AppDelegate.swift in Sources */,
				18FD38DC22B2E8FC008A1D7B /* TableViewController.swift in Sources */,
			);
			runOnlyForDeploymentPostprocessing = 0;
		};
/* End PBXSourcesBuildPhase section */

/* Begin PBXVariantGroup section */
		18FD38CA22B2E6FF008A1D7B /* Main.storyboard */ = {
			isa = PBXVariantGroup;
			children = (
				18FD38CB22B2E6FF008A1D7B /* Base */,
			);
			name = Main.storyboard;
			sourceTree = "<group>";
		};
		18FD38D222B2E701008A1D7B /* LaunchScreen.storyboard */ = {
			isa = PBXVariantGroup;
			children = (
				18FD38D322B2E701008A1D7B /* Base */,
			);
			name = LaunchScreen.storyboard;
			sourceTree = "<group>";
		};
/* End PBXVariantGroup section */

/* Begin XCBuildConfiguration section */
		18FD38D622B2E701008A1D7B /* Debug */ = {
			isa = XCBuildConfiguration;
			buildSettings = {
				ALWAYS_SEARCH_USER_PATHS = NO;
				CLANG_ANALYZER_NONNULL = YES;
				CLANG_ANALYZER_NUMBER_OBJECT_CONVERSION = YES_AGGRESSIVE;
				CLANG_CXX_LANGUAGE_STANDARD = "gnu++14";
				CLANG_CXX_LIBRARY = "libc++";
				CLANG_ENABLE_MODULES = YES;
				CLANG_ENABLE_OBJC_ARC = YES;
				CLANG_ENABLE_OBJC_WEAK = YES;
				CLANG_WARN_BLOCK_CAPTURE_AUTORELEASING = YES;
				CLANG_WARN_BOOL_CONVERSION = YES;
				CLANG_WARN_COMMA = YES;
				CLANG_WARN_CONSTANT_CONVERSION = YES;
				CLANG_WARN_DEPRECATED_OBJC_IMPLEMENTATIONS = YES;
				CLANG_WARN_DIRECT_OBJC_ISA_USAGE = YES_ERROR;
				CLANG_WARN_DOCUMENTATION_COMMENTS = YES;
				CLANG_WARN_EMPTY_BODY = YES;
				CLANG_WARN_ENUM_CONVERSION = YES;
				CLANG_WARN_INFINITE_RECURSION = YES;
				CLANG_WARN_INT_CONVERSION = YES;
				CLANG_WARN_NON_LITERAL_NULL_CONVERSION = YES;
				CLANG_WARN_OBJC_IMPLICIT_RETAIN_SELF = YES;
				CLANG_WARN_OBJC_LITERAL_CONVERSION = YES;
				CLANG_WARN_OBJC_ROOT_CLASS = YES_ERROR;
				CLANG_WARN_RANGE_LOOP_ANALYSIS = YES;
				CLANG_WARN_STRICT_PROTOTYPES = YES;
				CLANG_WARN_SUSPICIOUS_MOVE = YES;
				CLANG_WARN_UNGUARDED_AVAILABILITY = YES_AGGRESSIVE;
				CLANG_WARN_UNREACHABLE_CODE = YES;
				CLANG_WARN__DUPLICATE_METHOD_MATCH = YES;
				CODE_SIGN_IDENTITY = "iPhone Developer";
				COPY_PHASE_STRIP = NO;
				DEBUG_INFORMATION_FORMAT = dwarf;
				ENABLE_STRICT_OBJC_MSGSEND = YES;
				ENABLE_TESTABILITY = YES;
				GCC_C_LANGUAGE_STANDARD = gnu11;
				GCC_DYNAMIC_NO_PIC = NO;
				GCC_NO_COMMON_BLOCKS = YES;
				GCC_OPTIMIZATION_LEVEL = 0;
				GCC_PREPROCESSOR_DEFINITIONS = (
					"DEBUG=1",
					"$(inherited)",
				);
				GCC_WARN_64_TO_32_BIT_CONVERSION = YES;
				GCC_WARN_ABOUT_RETURN_TYPE = YES_ERROR;
				GCC_WARN_UNDECLARED_SELECTOR = YES;
				GCC_WARN_UNINITIALIZED_AUTOS = YES_AGGRESSIVE;
				GCC_WARN_UNUSED_FUNCTION = YES;
				GCC_WARN_UNUSED_VARIABLE = YES;
				IPHONEOS_DEPLOYMENT_TARGET = 12.2;
				MTL_ENABLE_DEBUG_INFO = INCLUDE_SOURCE;
				MTL_FAST_MATH = YES;
				ONLY_ACTIVE_ARCH = YES;
				SDKROOT = iphoneos;
				SWIFT_ACTIVE_COMPILATION_CONDITIONS = DEBUG;
				SWIFT_OPTIMIZATION_LEVEL = "-Onone";
			};
			name = Debug;
		};
		18FD38D722B2E701008A1D7B /* Release */ = {
			isa = XCBuildConfiguration;
			buildSettings = {
				ALWAYS_SEARCH_USER_PATHS = NO;
				CLANG_ANALYZER_NONNULL = YES;
				CLANG_ANALYZER_NUMBER_OBJECT_CONVERSION = YES_AGGRESSIVE;
				CLANG_CXX_LANGUAGE_STANDARD = "gnu++14";
				CLANG_CXX_LIBRARY = "libc++";
				CLANG_ENABLE_MODULES = YES;
				CLANG_ENABLE_OBJC_ARC = YES;
				CLANG_ENABLE_OBJC_WEAK = YES;
				CLANG_WARN_BLOCK_CAPTURE_AUTORELEASING = YES;
				CLANG_WARN_BOOL_CONVERSION = YES;
				CLANG_WARN_COMMA = YES;
				CLANG_WARN_CONSTANT_CONVERSION = YES;
				CLANG_WARN_DEPRECATED_OBJC_IMPLEMENTATIONS = YES;
				CLANG_WARN_DIRECT_OBJC_ISA_USAGE = YES_ERROR;
				CLANG_WARN_DOCUMENTATION_COMMENTS = YES;
				CLANG_WARN_EMPTY_BODY = YES;
				CLANG_WARN_ENUM_CONVERSION = YES;
				CLANG_WARN_INFINITE_RECURSION = YES;
				CLANG_WARN_INT_CONVERSION = YES;
				CLANG_WARN_NON_LITERAL_NULL_CONVERSION = YES;
				CLANG_WARN_OBJC_IMPLICIT_RETAIN_SELF = YES;
				CLANG_WARN_OBJC_LITERAL_CONVERSION = YES;
				CLANG_WARN_OBJC_ROOT_CLASS = YES_ERROR;
				CLANG_WARN_RANGE_LOOP_ANALYSIS = YES;
				CLANG_WARN_STRICT_PROTOTYPES = YES;
				CLANG_WARN_SUSPICIOUS_MOVE = YES;
				CLANG_WARN_UNGUARDED_AVAILABILITY = YES_AGGRESSIVE;
				CLANG_WARN_UNREACHABLE_CODE = YES;
				CLANG_WARN__DUPLICATE_METHOD_MATCH = YES;
				CODE_SIGN_IDENTITY = "iPhone Developer";
				COPY_PHASE_STRIP = NO;
				DEBUG_INFORMATION_FORMAT = "dwarf-with-dsym";
				ENABLE_NS_ASSERTIONS = NO;
				ENABLE_STRICT_OBJC_MSGSEND = YES;
				GCC_C_LANGUAGE_STANDARD = gnu11;
				GCC_NO_COMMON_BLOCKS = YES;
				GCC_WARN_64_TO_32_BIT_CONVERSION = YES;
				GCC_WARN_ABOUT_RETURN_TYPE = YES_ERROR;
				GCC_WARN_UNDECLARED_SELECTOR = YES;
				GCC_WARN_UNINITIALIZED_AUTOS = YES_AGGRESSIVE;
				GCC_WARN_UNUSED_FUNCTION = YES;
				GCC_WARN_UNUSED_VARIABLE = YES;
				IPHONEOS_DEPLOYMENT_TARGET = 12.2;
				MTL_ENABLE_DEBUG_INFO = NO;
				MTL_FAST_MATH = YES;
				SDKROOT = iphoneos;
				SWIFT_COMPILATION_MODE = wholemodule;
				SWIFT_OPTIMIZATION_LEVEL = "-O";
				VALIDATE_PRODUCT = YES;
			};
			name = Release;
		};
		18FD38D922B2E701008A1D7B /* Debug */ = {
			isa = XCBuildConfiguration;
			buildSettings = {
				ASSETCATALOG_COMPILER_APPICON_NAME = AppIcon;
				CODE_SIGN_STYLE = Automatic;
				INFOPLIST_FILE = "college compass/Info.plist";
				LD_RUNPATH_SEARCH_PATHS = (
					"$(inherited)",
					"@executable_path/Frameworks",
				);
				PRODUCT_BUNDLE_IDENTIFIER = "Nasya.college-compass";
				PRODUCT_NAME = "$(TARGET_NAME)";
				SWIFT_VERSION = 5.0;
				TARGETED_DEVICE_FAMILY = "1,2";
			};
			name = Debug;
		};
		18FD38DA22B2E701008A1D7B /* Release */ = {
			isa = XCBuildConfiguration;
			buildSettings = {
				ASSETCATALOG_COMPILER_APPICON_NAME = AppIcon;
				CODE_SIGN_STYLE = Automatic;
				INFOPLIST_FILE = "college compass/Info.plist";
				LD_RUNPATH_SEARCH_PATHS = (
					"$(inherited)",
					"@executable_path/Frameworks",
				);
				PRODUCT_BUNDLE_IDENTIFIER = "Nasya.college-compass";
				PRODUCT_NAME = "$(TARGET_NAME)";
				SWIFT_VERSION = 5.0;
				TARGETED_DEVICE_FAMILY = "1,2";
			};
			name = Release;
		};
/* End XCBuildConfiguration section */

/* Begin XCConfigurationList section */
		18FD38BE22B2E6FF008A1D7B /* Build configuration list for PBXProject "college compass" */ = {
			isa = XCConfigurationList;
			buildConfigurations = (
				18FD38D622B2E701008A1D7B /* Debug */,
				18FD38D722B2E701008A1D7B /* Release */,
			);
			defaultConfigurationIsVisible = 0;
			defaultConfigurationName = Release;
		};
		18FD38D822B2E701008A1D7B /* Build configuration list for PBXNativeTarget "college compass" */ = {
			isa = XCConfigurationList;
			buildConfigurations = (
				18FD38D922B2E701008A1D7B /* Debug */,
				18FD38DA22B2E701008A1D7B /* Release */,
			);
			defaultConfigurationIsVisible = 0;
			defaultConfigurationName = Release;
		};
/* End XCConfigurationList section */

/* Begin XCVersionGroup section */
		18FD38CD22B2E6FF008A1D7B /* college_compass.xcdatamodeld */ = {
			isa = XCVersionGroup;
			children = (
				18FD38CE22B2E6FF008A1D7B /* college_compass.xcdatamodel */,
			);
			currentVersion = 18FD38CE22B2E6FF008A1D7B /* college_compass.xcdatamodel */;
			path = college_compass.xcdatamodeld;
			sourceTree = "<group>";
			versionGroupType = wrapper.xcdatamodel;
		};
/* End XCVersionGroup section */
	};
	rootObject = 18FD38BB22B2E6FF008A1D7B /* Project object */;
}
